
Microsoft Visual Studio Solution File, Format Version 12.00
# Visual Studio Version 17
VisualStudioVersion = 17.9.34728.123
MinimumVisualStudioVersion = 10.0.40219.1
Project("{9A19103F-16F7-4668-BE54-9A1E7A4F7556}") = "GLS149_SQLtest", "GLS149_SQLtest\GLS149_SQLtest.csproj", "{0158E663-F5C8-44D8-BD1A-0106E3ECCA4F}"
EndProject
Project("{9A19103F-16F7-4668-BE54-9A1E7A4F7556}") = "INILib", "INILib\INILib.csproj", "{F753C6C7-33D0-4F57-AE5C-65E62B5C7515}"
EndProject
Project("{9A19103F-16F7-4668-BE54-9A1E7A4F7556}") = "LogLib", "LogLib\LogLib.csproj", "{2FEE4C52-FA95-46EC-B1BF-14C8D2C732A0}"
EndProject
Project("{FAE04EC0-301F-11D3-BF4B-00C04F79EFBC}") = "PrintTest", "PrintTest\PrintTest.csproj", "{C8B81F7A-02CC-4270-9ABE-46376EB6ECC5}"
EndProject
Global
	GlobalSection(SolutionConfigurationPlatforms) = preSolution
		Debug|Any CPU = Debug|Any CPU
		Debug|x64 = Debug|x64
		Release|Any CPU = Release|Any CPU
		Release|x64 = Release|x64
	EndGlobalSection
	GlobalSection(ProjectConfigurationPlatforms) = postSolution
		{0158E663-F5C8-44D8-BD1A-0106E3ECCA4F}.Debug|Any CPU.ActiveCfg = Debug|Any CPU
		{0158E663-F5C8-44D8-BD1A-0106E3ECCA4F}.Debug|Any CPU.Build.0 = Debug|Any CPU
		{0158E663-F5C8-44D8-BD1A-0106E3ECCA4F}.Debug|x64.ActiveCfg = Debug|Any CPU
		{0158E663-F5C8-44D8-BD1A-0106E3ECCA4F}.Debug|x64.Build.0 = Debug|Any CPU
		{0158E663-F5C8-44D8-BD1A-0106E3ECCA4F}.Release|Any CPU.ActiveCfg = Release|Any CPU
		{0158E663-F5C8-44D8-BD1A-0106E3ECCA4F}.Release|Any CPU.Build.0 = Release|Any CPU
		{0158E663-F5C8-44D8-BD1A-0106E3ECCA4F}.Release|x64.ActiveCfg = Release|Any CPU
		{0158E663-F5C8-44D8-BD1A-0106E3ECCA4F}.Release|x64.Build.0 = Release|Any CPU
		{F753C6C7-33D0-4F57-AE5C-65E62B5C7515}.Debug|Any CPU.ActiveCfg = Debug|Any CPU
		{F753C6C7-33D0-4F57-AE5C-65E62B5C7515}.Debug|Any CPU.Build.0 = Debug|Any CPU
		{F753C6C7-33D0-4F57-AE5C-65E62B5C7515}.Debug|x64.ActiveCfg = Debug|x64
		{F753C6C7-33D0-4F57-AE5C-65E62B5C7515}.Debug|x64.Build.0 = Debug|x64
		{F753C6C7-33D0-4F57-AE5C-65E62B5C7515}.Release|Any CPU.ActiveCfg = Release|Any CPU
		{F753C6C7-33D0-4F57-AE5C-65E62B5C7515}.Release|Any CPU.Build.0 = Release|Any CPU
		{F753C6C7-33D0-4F57-AE5C-65E62B5C7515}.Release|x64.ActiveCfg = Release|x64
		{F753C6C7-33D0-4F57-AE5C-65E62B5C7515}.Release|x64.Build.0 = Release|x64
		{2FEE4C52-FA95-46EC-B1BF-14C8D2C732A0}.Debug|Any CPU.ActiveCfg = Debug|Any CPU
		{2FEE4C52-FA95-46EC-B1BF-14C8D2C732A0}.Debug|Any CPU.Build.0 = Debug|Any CPU
		{2FEE4C52-FA95-46EC-B1BF-14C8D2C732A0}.Debug|x64.ActiveCfg = Debug|x64
		{2FEE4C52-FA95-46EC-B1BF-14C8D2C732A0}.Debug|x64.Build.0 = Debug|x64
		{2FEE4C52-FA95-46EC-B1BF-14C8D2C732A0}.Release|Any CPU.ActiveCfg = Release|Any CPU
		{2FEE4C52-FA95-46EC-B1BF-14C8D2C732A0}.Release|Any CPU.Build.0 = Release|Any CPU
		{2FEE4C52-FA95-46EC-B1BF-14C8D2C732A0}.Release|x64.ActiveCfg = Release|x64
		{2FEE4C52-FA95-46EC-B1BF-14C8D2C732A0}.Release|x64.Build.0 = Release|x64
		{C8B81F7A-02CC-4270-9ABE-46376EB6ECC5}.Debug|Any CPU.ActiveCfg = Debug|Any CPU
		{C8B81F7A-02CC-4270-9ABE-46376EB6ECC5}.Debug|Any CPU.Build.0 = Debug|Any CPU
		{C8B81F7A-02CC-4270-9ABE-46376EB6ECC5}.Debug|x64.ActiveCfg = Debug|Any CPU
		{C8B81F7A-02CC-4270-9ABE-46376EB6ECC5}.Debug|x64.Build.0 = Debug|Any CPU
		{C8B81F7A-02CC-4270-9ABE-46376EB6ECC5}.Release|Any CPU.ActiveCfg = Release|Any CPU
		{C8B81F7A-02CC-4270-9ABE-46376EB6ECC5}.Release|Any CPU.Build.0 = Release|Any CPU
		{C8B81F7A-02CC-4270-9ABE-46376EB6ECC5}.Release|x64.ActiveCfg = Release|Any CPU
		{C8B81F7A-02CC-4270-9ABE-46376EB6ECC5}.Release|x64.Build.0 = Release|Any CPU
	EndGlobalSection
	GlobalSection(SolutionProperties) = preSolution
		HideSolutionNode = FALSE
	EndGlobalSection
	GlobalSection(ExtensibilityGlobals) = postSolution
		SolutionGuid = {213DB9EE-71E8-4527-94A8-74E6C1EB6B0B}
	EndGlobalSection
EndGlobal
